
Microsoft Visual Studio Solution File, Format Version 12.00
# Visual Studio 2012
Project("{8BC9CEB8-8B4A-11D0-8D11-00A0C91BC942}") = "selfcrypt", "selfcrypt\selfcrypt.vcxproj", "{A2FB67E7-AAB9-479F-B89E-CDDE23B80E57}"
EndProject
Global
	GlobalSection(SolutionConfigurationPlatforms) = preSolution
		Debug|Win32 = Debug|Win32
		Release|Win32 = Release|Win32
	EndGlobalSection
	GlobalSection(ProjectConfigurationPlatforms) = postSolution
		{A2FB67E7-AAB9-479F-B89E-CDDE23B80E57}.Debug|Win32.ActiveCfg = Debug|Win32
		{A2FB67E7-AAB9-479F-B89E-CDDE23B80E57}.Debug|Win32.Build.0 = Debug|Win32
		{A2FB67E7-AAB9-479F-B89E-CDDE23B80E57}.Release|Win32.ActiveCfg = Release|Win32
		{A2FB67E7-AAB9-479F-B89E-CDDE23B80E57}.Release|Win32.Build.0 = Release|Win32
	EndGlobalSection
	GlobalSection(SolutionProperties) = preSolution
		HideSolutionNode = FALSE
	EndGlobalSection
EndGlobal
